// !$*UTF8*$!
{
	archiveVersion = 1;
	classes = {
	};
	objectVersion = 46;
	objects = {

/* Begin PBXBuildFile section */
		045D15331D6DC5E5007F829B /* main.m in Sources */ = {isa = PBXBuildFile; fileRef = 045D15321D6DC5E5007F829B /* main.m */; };
		045D15361D6DC5E5007F829B /* AppDelegate.m in Sources */ = {isa = PBXBuildFile; fileRef = 045D15351D6DC5E5007F829B /* AppDelegate.m */; };
		045D15391D6DC5E5007F829B /* ViewController.m in Sources */ = {isa = PBXBuildFile; fileRef = 045D15381D6DC5E5007F829B /* ViewController.m */; };
		045D153C1D6DC5E5007F829B /* Main.storyboard in Resources */ = {isa = PBXBuildFile; fileRef = 045D153A1D6DC5E5007F829B /* Main.storyboard */; };
		045D153E1D6DC5E5007F829B /* Assets.xcassets in Resources */ = {isa = PBXBuildFile; fileRef = 045D153D1D6DC5E5007F829B /* Assets.xcassets */; };
		045D15411D6DC5E5007F829B /* LaunchScreen.storyboard in Resources */ = {isa = PBXBuildFile; fileRef = 045D153F1D6DC5E5007F829B /* LaunchScreen.storyboard */; };
		045D154A1D6DC60D007F829B /* MineOperaton.m in Sources */ = {isa = PBXBuildFile; fileRef = 045D15491D6DC60D007F829B /* MineOperaton.m */; };
/* End PBXBuildFile section */

/* Begin PBXFileReference section */
		045D152E1D6DC5E5007F829B /* 通知.app */ = {isa = PBXFileReference; explicitFileType = wrapper.application; includeInIndex = 0; path = "通知.app"; sourceTree = BUILT_PRODUCTS_DIR; };
		045D15321D6DC5E5007F829B /* main.m */ = {isa = PBXFileReference; lastKnownFileType = sourcecode.c.objc; path = main.m; sourceTree = "<group>"; };
		045D15341D6DC5E5007F829B /* AppDelegate.h */ = {isa = PBXFileReference; lastKnownFileType = sourcecode.c.h; path = AppDelegate.h; sourceTree = "<group>"; };
		045D15351D6DC5E5007F829B /* AppDelegate.m */ = {isa = PBXFileReference; lastKnownFileType = sourcecode.c.objc; path = AppDelegate.m; sourceTree = "<group>"; };
		045D15371D6DC5E5007F829B /* ViewController.h */ = {isa = PBXFileReference; lastKnownFileType = sourcecode.c.h; path = ViewController.h; sourceTree = "<group>"; };
		045D15381D6DC5E5007F829B /* ViewController.m */ = {isa = PBXFileReference; lastKnownFileType = sourcecode.c.objc; path = ViewController.m; sourceTree = "<group>"; };
		045D153B1D6DC5E5007F829B /* Base */ = {isa = PBXFileReference; lastKnownFileType = file.storyboard; name = Base; path = Base.lproj/Main.storyboard; sourceTree = "<group>"; };
		045D153D1D6DC5E5007F829B /* Assets.xcassets */ = {isa = PBXFileReference; lastKnownFileType = folder.assetcatalog; path = Assets.xcassets; sourceTree = "<group>"; };
		045D15401D6DC5E5007F829B /* Base */ = {isa = PBXFileReference; lastKnownFileType = file.storyboard; name = Base; path = Base.lproj/LaunchScreen.storyboard; sourceTree = "<group>"; };
		045D15421D6DC5E5007F829B /* Info.plist */ = {isa = PBXFileReference; lastKnownFileType = text.plist.xml; path = Info.plist; sourceTree = "<group>"; };
		045D15481D6DC60D007F829B /* MineOperaton.h */ = {isa = PBXFileReference; fileEncoding = 4; lastKnownFileType = sourcecode.c.h; path = MineOperaton.h; sourceTree = "<group>"; };
		045D15491D6DC60D007F829B /* MineOperaton.m */ = {isa = PBXFileReference; fileEncoding = 4; lastKnownFileType = sourcecode.c.objc; path = MineOperaton.m; sourceTree = "<group>"; };
/* End PBXFileReference section */

/* Begin PBXFrameworksBuildPhase section */
		045D152B1D6DC5E5007F829B /* Frameworks */ = {
			isa = PBXFrameworksBuildPhase;
			buildActionMask = 2147483647;
			files = (
			);
			runOnlyForDeploymentPostprocessing = 0;
		};
/* End PBXFrameworksBuildPhase section */

/* Begin PBXGroup section */
		045D15251D6DC5E5007F829B = {
			isa = PBXGroup;
			children = (
				045D15301D6DC5E5007F829B /* 通知 */,
				045D152F1D6DC5E5007F829B /* Products */,
			);
			sourceTree = "<group>";
		};
		045D152F1D6DC5E5007F829B /* Products */ = {
			isa = PBXGroup;
			children = (
				045D152E1D6DC5E5007F829B /* 通知.app */,
			);
			name = Products;
			sourceTree = "<group>";
		};
		045D15301D6DC5E5007F829B /* 通知 */ = {
			isa = PBXGroup;
			children = (
				045D15341D6DC5E5007F829B /* AppDelegate.h */,
				045D15351D6DC5E5007F829B /* AppDelegate.m */,
				045D15371D6DC5E5007F829B /* ViewController.h */,
				045D15381D6DC5E5007F829B /* ViewController.m */,
				045D153A1D6DC5E5007F829B /* Main.storyboard */,
				045D153D1D6DC5E5007F829B /* Assets.xcassets */,
				045D153F1D6DC5E5007F829B /* LaunchScreen.storyboard */,
				045D15421D6DC5E5007F829B /* Info.plist */,
				045D15311D6DC5E5007F829B /* Supporting Files */,
				045D15481D6DC60D007F829B /* MineOperaton.h */,
				045D15491D6DC60D007F829B /* MineOperaton.m */,
			);
			path = "通知";
			sourceTree = "<group>";
		};
		045D15311D6DC5E5007F829B /* Supporting Files */ = {
			isa = PBXGroup;
			children = (
				045D15321D6DC5E5007F829B /* main.m */,
			);
			name = "Supporting Files";
			sourceTree = "<group>";
		};
/* End PBXGroup section */

/* Begin PBXNativeTarget section */
		045D152D1D6DC5E5007F829B /* 通知 */ = {
			isa = PBXNativeTarget;
			buildConfigurationList = 045D15451D6DC5E5007F829B /* Build configuration list for PBXNativeTarget "通知" */;
			buildPhases = (
				045D152A1D6DC5E5007F829B /* Sources */,
				045D152B1D6DC5E5007F829B /* Frameworks */,
				045D152C1D6DC5E5007F829B /* Resources */,
			);
			buildRules = (
			);
			dependencies = (
			);
			name = "通知";
			productName = "通知";
			productReference = 045D152E1D6DC5E5007F829B /* 通知.app */;
			productType = "com.apple.product-type.application";
		};
/* End PBXNativeTarget section */

/* Begin PBXProject section */
		045D15261D6DC5E5007F829B /* Project object */ = {
			isa = PBXProject;
			attributes = {
				LastUpgradeCheck = 0720;
				ORGANIZATIONNAME = mac;
				TargetAttributes = {
					045D152D1D6DC5E5007F829B = {
						CreatedOnToolsVersion = 7.2;
					};
				};
			};
			buildConfigurationList = 045D15291D6DC5E5007F829B /* Build configuration list for PBXProject "通知" */;
			compatibilityVersion = "Xcode 3.2";
			developmentRegion = English;
			hasScannedForEncodings = 0;
			knownRegions = (
				en,
				Base,
			);
			mainGroup = 045D15251D6DC5E5007F829B;
			productRefGroup = 045D152F1D6DC5E5007F829B /* Products */;
			projectDirPath = "";
			projectRoot = "";
			targets = (
				045D152D1D6DC5E5007F829B /* 通知 */,
			);
		};
/* End PBXProject section */

/* Begin PBXResourcesBuildPhase section */
		045D152C1D6DC5E5007F829B /* Resources */ = {
			isa = PBXResourcesBuildPhase;
			buildActionMask = 2147483647;
			files = (
				045D15411D6DC5E5007F829B /* LaunchScreen.storyboard in Resources */,
				045D153E1D6DC5E5007F829B /* Assets.xcassets in Resources */,
				045D153C1D6DC5E5007F829B /* Main.storyboard in Resources */,
			);
			runOnlyForDeploymentPostprocessing = 0;
		};
/* End PBXResourcesBuildPhase section */

/* Begin PBXSourcesBuildPhase section */
		045D152A1D6DC5E5007F829B /* Sources */ = {
			isa = PBXSourcesBuildPhase;
			buildActionMask = 2147483647;
			files = (
				045D15391D6DC5E5007F829B /* ViewController.m in Sources */,
				045D15361D6DC5E5007F829B /* AppDelegate.m in Sources */,
				045D154A1D6DC60D007F829B /* MineOperaton.m in Sources */,
				045D15331D6DC5E5007F829B /* main.m in Sources */,
			);
			runOnlyForDeploymentPostprocessing = 0;
		};
/* End PBXSourcesBuildPhase section */

/* Begin PBXVariantGroup section */
		045D153A1D6DC5E5007F829B /* Main.storyboard */ = {
			isa = PBXVariantGroup;
			children = (
				045D153B1D6DC5E5007F829B /* Base */,
			);
			name = Main.storyboard;
			sourceTree = "<group>";
		};
		045D153F1D6DC5E5007F829B /* LaunchScreen.storyboard */ = {
			isa = PBXVariantGroup;
			children = (
				045D15401D6DC5E5007F829B /* Base */,
			);
			name = LaunchScreen.storyboard;
			sourceTree = "<group>";
		};
/* End PBXVariantGroup section */

/* Begin XCBuildConfiguration section */
		045D15431D6DC5E5007F829B /* Debug */ = {
			isa = XCBuildConfiguration;
			buildSettings = {
				ALWAYS_SEARCH_USER_PATHS = NO;
				CLANG_CXX_LANGUAGE_STANDARD = "gnu++0x";
				CLANG_CXX_LIBRARY = "libc++";
				CLANG_ENABLE_MODULES = YES;
				CLANG_ENABLE_OBJC_ARC = YES;
				CLANG_WARN_BOOL_CONVERSION = YES;
				CLANG_WARN_CONSTANT_CONVERSION = YES;
				CLANG_WARN_DIRECT_OBJC_ISA_USAGE = YES_ERROR;
				CLANG_WARN_EMPTY_BODY = YES;
				CLANG_WARN_ENUM_CONVERSION = YES;
				CLANG_WARN_INT_CONVERSION = YES;
				CLANG_WARN_OBJC_ROOT_CLASS = YES_ERROR;
				CLANG_WARN_UNREACHABLE_CODE = YES;
				CLANG_WARN__DUPLICATE_METHOD_MATCH = YES;
				"CODE_SIGN_IDENTITY[sdk=iphoneos*]" = "iPhone Developer";
				COPY_PHASE_STRIP = NO;
				DEBUG_INFORMATION_FORMAT = dwarf;
				ENABLE_STRICT_OBJC_MSGSEND = YES;
				ENABLE_TESTABILITY = YES;
				GCC_C_LANGUAGE_STANDARD = gnu99;
				GCC_DYNAMIC_NO_PIC = NO;
				GCC_NO_COMMON_BLOCKS = YES;
				GCC_OPTIMIZATION_LEVEL = 0;
				GCC_PREPROCESSOR_DEFINITIONS = (
					"DEBUG=1",
					"$(inherited)",
				);
				GCC_WARN_64_TO_32_BIT_CONVERSION = YES;
				GCC_WARN_ABOUT_RETURN_TYPE = YES_ERROR;
				GCC_WARN_UNDECLARED_SELECTOR = YES;
				GCC_WARN_UNINITIALIZED_AUTOS = YES_AGGRESSIVE;
				GCC_WARN_UNUSED_FUNCTION = YES;
				GCC_WARN_UNUSED_VARIABLE = YES;
				IPHONEOS_DEPLOYMENT_TARGET = 9.2;
				MTL_ENABLE_DEBUG_INFO = YES;
				ONLY_ACTIVE_ARCH = YES;
				SDKROOT = iphoneos;
				TARGETED_DEVICE_FAMILY = "1,2";
			};
			name = Debug;
		};
		045D15441D6DC5E5007F829B /* Release */ = {
			isa = XCBuildConfiguration;
			buildSettings = {
				ALWAYS_SEARCH_USER_PATHS = NO;
				CLANG_CXX_LANGUAGE_STANDARD = "gnu++0x";
				CLANG_CXX_LIBRARY = "libc++";
				CLANG_ENABLE_MODULES = YES;
				CLANG_ENABLE_OBJC_ARC = YES;
				CLANG_WARN_BOOL_CONVERSION = YES;
				CLANG_WARN_CONSTANT_CONVERSION = YES;
				CLANG_WARN_DIRECT_OBJC_ISA_USAGE = YES_ERROR;
				CLANG_WARN_EMPTY_BODY = YES;
				CLANG_WARN_ENUM_CONVERSION = YES;
				CLANG_WARN_INT_CONVERSION = YES;
				CLANG_WARN_OBJC_ROOT_CLASS = YES_ERROR;
				CLANG_WARN_UNREACHABLE_CODE = YES;
				CLANG_WARN__DUPLICATE_METHOD_MATCH = YES;
				"CODE_SIGN_IDENTITY[sdk=iphoneos*]" = "iPhone Developer";
				COPY_PHASE_STRIP = NO;
				DEBUG_INFORMATION_FORMAT = "dwarf-with-dsym";
				ENABLE_NS_ASSERTIONS = NO;
				ENABLE_STRICT_OBJC_MSGSEND = YES;
				GCC_C_LANGUAGE_STANDARD = gnu99;
				GCC_NO_COMMON_BLOCKS = YES;
				GCC_WARN_64_TO_32_BIT_CONVERSION = YES;
				GCC_WARN_ABOUT_RETURN_TYPE = YES_ERROR;
				GCC_WARN_UNDECLARED_SELECTOR = YES;
				GCC_WARN_UNINITIALIZED_AUTOS = YES_AGGRESSIVE;
				GCC_WARN_UNUSED_FUNCTION = YES;
				GCC_WARN_UNUSED_VARIABLE = YES;
				IPHONEOS_DEPLOYMENT_TARGET = 9.2;
				MTL_ENABLE_DEBUG_INFO = NO;
				SDKROOT = iphoneos;
				TARGETED_DEVICE_FAMILY = "1,2";
				VALIDATE_PRODUCT = YES;
			};
			name = Release;
		};
		045D15461D6DC5E5007F829B /* Debug */ = {
			isa = XCBuildConfiguration;
			buildSettings = {
				ASSETCATALOG_COMPILER_APPICON_NAME = AppIcon;
				INFOPLIST_FILE = "通知/Info.plist";
				LD_RUNPATH_SEARCH_PATHS = "$(inherited) @executable_path/Frameworks";
				PRODUCT_BUNDLE_IDENTIFIER = "shengmingzhouqi.--";
				PRODUCT_NAME = "$(TARGET_NAME)";
			};
			name = Debug;
		};
		045D15471D6DC5E5007F829B /* Release */ = {
			isa = XCBuildConfiguration;
			buildSettings = {
				ASSETCATALOG_COMPILER_APPICON_NAME = AppIcon;
				INFOPLIST_FILE = "通知/Info.plist";
				LD_RUNPATH_SEARCH_PATHS = "$(inherited) @executable_path/Frameworks";
				PRODUCT_BUNDLE_IDENTIFIER = "shengmingzhouqi.--";
				PRODUCT_NAME = "$(TARGET_NAME)";
			};
			name = Release;
		};
/* End XCBuildConfiguration section */

/* Begin XCConfigurationList section */
		045D15291D6DC5E5007F829B /* Build configuration list for PBXProject "通知" */ = {
			isa = XCConfigurationList;
			buildConfigurations = (
				045D15431D6DC5E5007F829B /* Debug */,
				045D15441D6DC5E5007F829B /* Release */,
			);
			defaultConfigurationIsVisible = 0;
			defaultConfigurationName = Release;
		};
		045D15451D6DC5E5007F829B /* Build configuration list for PBXNativeTarget "通知" */ = {
			isa = XCConfigurationList;
			buildConfigurations = (
				045D15461D6DC5E5007F829B /* Debug */,
				045D15471D6DC5E5007F829B /* Release */,
			);
			defaultConfigurationIsVisible = 0;
		};
/* End XCConfigurationList section */
	};
	rootObject = 045D15261D6DC5E5007F829B /* Project object */;
}
